
Microsoft Visual Studio Solution File, Format Version 12.00
# Visual Studio Version 16
VisualStudioVersion = 16.0.31005.135
MinimumVisualStudioVersion = 10.0.40219.1
Project("{9A19103F-16F7-4668-BE54-9A1E7A4F7556}") = "Scraper.Net", "src\Scraper.Net\Scraper.Net.csproj", "{6D0AF691-366E-4007-8470-5D085E6DEDAB}"
EndProject
Project("{9A19103F-16F7-4668-BE54-9A1E7A4F7556}") = "Scraper.Net.Facebook", "src\Scraper.Net.Facebook\Scraper.Net.Facebook.csproj", "{6D2B8DE4-1480-4627-B467-B93523631DA8}"
EndProject
Project("{9A19103F-16F7-4668-BE54-9A1E7A4F7556}") = "Scraper.Net.Facebook.Tests", "test\Scraper.Net.Facebook.Tests\Scraper.Net.Facebook.Tests.csproj", "{4BF51EE2-9E5C-4DAD-8EF0-D372F3762D5C}"
EndProject
Project("{FAE04EC0-301F-11D3-BF4B-00C04F79EFBC}") = "Scraper.Net.Twitter", "src\Scraper.Net.Twitter\Scraper.Net.Twitter.csproj", "{2C047ECD-170C-45FD-83EF-8CB8DEBEE986}"
EndProject
Project("{FAE04EC0-301F-11D3-BF4B-00C04F79EFBC}") = "Scraper.Net.Twitter.Tests", "test\Scraper.Net.Twitter.Tests\Scraper.Net.Twitter.Tests.csproj", "{2F3908D2-CF31-4738-9B68-60447848DE9C}"
EndProject
Project("{FAE04EC0-301F-11D3-BF4B-00C04F79EFBC}") = "Scraper.Net.YoutubeDl", "src\Scraper.Net.YoutubeDl\Scraper.Net.YoutubeDl.csproj", "{663F57CF-74EE-4D7A-96A9-F27296986217}"
EndProject
Project("{FAE04EC0-301F-11D3-BF4B-00C04F79EFBC}") = "Scraper.Net.YoutubeDl.Tests", "test\Scraper.Net.YoutubeDl.Tests\Scraper.Net.YoutubeDl.Tests.csproj", "{BBA32269-5D2C-42FD-B66F-977DF8106045}"
EndProject
Project("{FAE04EC0-301F-11D3-BF4B-00C04F79EFBC}") = "Scraper.Net.Tests", "test\Scraper.Net.Tests\Scraper.Net.Tests.csproj", "{37A8396C-4924-47B5-9D0A-4F1DE2AEE84B}"
EndProject
Project("{FAE04EC0-301F-11D3-BF4B-00C04F79EFBC}") = "Scraper.Net.Screenshot", "src\Scraper.Net.Screenshot\Scraper.Net.Screenshot.csproj", "{69B7374A-B313-4864-BBFF-92EA597B5291}"
EndProject
Project("{FAE04EC0-301F-11D3-BF4B-00C04F79EFBC}") = "Scraper.Net.Screenshot.Tests", "test\Scraper.Net.Screenshot.Tests\Scraper.Net.Screenshot.Tests.csproj", "{F02CE0D4-5D4B-473F-8FED-53E13F796C83}"
EndProject
Project("{FAE04EC0-301F-11D3-BF4B-00C04F79EFBC}") = "Scraper.Net.Feeds", "src\Scraper.Net.Feeds\Scraper.Net.Feeds.csproj", "{06050656-4664-44F5-A65E-8C4D4D2AA337}"
EndProject
Project("{FAE04EC0-301F-11D3-BF4B-00C04F79EFBC}") = "Scraper.Net.Feeds.Tests", "test\Scraper.Net.Feeds.Tests\Scraper.Net.Feeds.Tests.csproj", "{B3D0733C-C3E9-462C-B121-DF4DE89FB60B}"
EndProject
Project("{2150E333-8FDC-42A3-9474-1A3956D46DE8}") = "Tests", "Tests", "{89753950-AF3C-4201-9CA1-EEC7C7EDB6AE}"
EndProject
Project("{2150E333-8FDC-42A3-9474-1A3956D46DE8}") = "Samples", "Samples", "{33579A60-1DBF-4106-973E-770615272429}"
EndProject
Project("{FAE04EC0-301F-11D3-BF4B-00C04F79EFBC}") = "FacebookScraperApp", "samples\FacebookScraperApp\FacebookScraperApp.csproj", "{B0D0B70A-80A0-4A2F-AE2F-7511E3998814}"
EndProject
Project("{FAE04EC0-301F-11D3-BF4B-00C04F79EFBC}") = "Scraper.Net.Stream", "src\Scraper.Net.Stream\Scraper.Net.Stream.csproj", "{AFD803B8-18AB-468B-A5CB-89304AEFB9DC}"
EndProject
Project("{FAE04EC0-301F-11D3-BF4B-00C04F79EFBC}") = "Scraper.Net.Stream.Tests", "test\Scraper.Net.Stream.Tests\Scraper.Net.Stream.Tests.csproj", "{5A395044-BFD2-41C1-AA74-86F0B44A88BE}"
EndProject
Project("{FAE04EC0-301F-11D3-BF4B-00C04F79EFBC}") = "Scraper.Net.Youtube", "src\Scraper.Net.Youtube\Scraper.Net.Youtube.csproj", "{9A4F5C11-9114-456B-9D0E-DA88506ADA3C}"
EndProject
Project("{FAE04EC0-301F-11D3-BF4B-00C04F79EFBC}") = "Scraper.Net.Youtube.Tests", "test\Scraper.Net.Youtube.Tests\Scraper.Net.Youtube.Tests.csproj", "{BAF1E2B5-C3A0-4ADF-BFA1-00AA582E4F57}"
EndProject
Project("{2150E333-8FDC-42A3-9474-1A3956D46DE8}") = "Tools", "Tools", "{5F0EA9D4-E358-4E2F-84AA-9BD09D65EFCF}"
EndProject
Project("{FAE04EC0-301F-11D3-BF4B-00C04F79EFBC}") = "LogParser", "tools\LogParser\LogParser.csproj", "{9F8D3F22-2CF8-4A42-899B-697297136420}"
EndProject
Project("{FAE04EC0-301F-11D3-BF4B-00C04F79EFBC}") = "PostsListener", "src\PostsListener\PostsListener.csproj", "{7546AD69-95E6-4975-A292-8A411580D576}"
EndProject
Project("{FAE04EC0-301F-11D3-BF4B-00C04F79EFBC}") = "PostsListener.Client", "src\PostsListener.Client\PostsListener.Client.csproj", "{ECFFE924-FC4F-4B4E-8965-36EF51AC9912}"
EndProject
Project("{FAE04EC0-301F-11D3-BF4B-00C04F79EFBC}") = "Scraper.MassTransit", "src\Scraper.MassTransit\Scraper.MassTransit.csproj", "{B4ED360B-68AF-42D9-8031-F00441F35116}"
EndProject
Project("{FAE04EC0-301F-11D3-BF4B-00C04F79EFBC}") = "Scraper.MassTransit.Client", "src\Scraper.MassTransit.Client\Scraper.MassTransit.Client.csproj", "{3DE1C980-AD94-40CD-A9BE-53E9D3106156}"
EndProject
Project("{FAE04EC0-301F-11D3-BF4B-00C04F79EFBC}") = "Scraper.MassTransit.Common", "src\Scraper.MassTransit.Common\Scraper.MassTransit.Common.csproj", "{C94227E3-DA52-4DDC-8D2F-BB925D0B87B5}"
EndProject
Project("{FAE04EC0-301F-11D3-BF4B-00C04F79EFBC}") = "PostsListener.Client.Sample", "samples\PostsListener.Client.Sample\PostsListener.Client.Sample.csproj", "{BB459B86-C57E-4B2A-91E7-F9EBC555F551}"
EndProject
Project("{FAE04EC0-301F-11D3-BF4B-00C04F79EFBC}") = "PostsListener.Client.Tests", "test\PostsListener.Client.Tests\PostsListener.Client.Tests.csproj", "{4E6FD204-5660-49FA-903B-EEB9EE9BE187}"
EndProject
Project("{FAE04EC0-301F-11D3-BF4B-00C04F79EFBC}") = "PostsListener.Tests", "test\PostsListener.Tests\PostsListener.Tests.csproj", "{5C2BB994-5F3C-4CB9-B81D-897EFCCAE19B}"
EndProject
Project("{FAE04EC0-301F-11D3-BF4B-00C04F79EFBC}") = "Scraper.MassTransit.Client.Tests", "test\Scraper.MassTransit.Client.Tests\Scraper.MassTransit.Client.Tests.csproj", "{A4009573-8D47-46C4-ADB0-21551AB9140D}"
EndProject
Project("{FAE04EC0-301F-11D3-BF4B-00C04F79EFBC}") = "Scraper.MassTransit.Tests", "test\Scraper.MassTransit.Tests\Scraper.MassTransit.Tests.csproj", "{BE93B754-2D5A-4A0C-AD1D-E60838BC62C8}"
EndProject
Project("{FAE04EC0-301F-11D3-BF4B-00C04F79EFBC}") = "Scraper.MassTransit.Client.Sample", "samples\Scraper.MassTransit.Client.Sample\Scraper.MassTransit.Client.Sample.csproj", "{7C998FFE-04D9-476B-A152-F13776DED372}"
EndProject
Project("{2150E333-8FDC-42A3-9474-1A3956D46DE8}") = "Scraper.Net", "Scraper.Net", "{70BDE26A-6486-4262-B774-17D2723ADDCE}"
EndProject
Project("{2150E333-8FDC-42A3-9474-1A3956D46DE8}") = "MassTransit", "MassTransit", "{6891F64C-CC35-46F4-91B7-2F1E2CEEE4F6}"
EndProject
Project("{2150E333-8FDC-42A3-9474-1A3956D46DE8}") = "PostsListener", "PostsListener", "{559A281A-0BB7-4969-857A-32AC25DE2E50}"
EndProject
Project("{FAE04EC0-301F-11D3-BF4B-00C04F79EFBC}") = "PostsListener.Service", "src\PostsListener.Service\PostsListener.Service.csproj", "{ADBA4ED8-A063-4506-BF60-35A28654FB75}"
EndProject
Global
	GlobalSection(SolutionConfigurationPlatforms) = preSolution
		Debug|Any CPU = Debug|Any CPU
		Release|Any CPU = Release|Any CPU
	EndGlobalSection
	GlobalSection(ProjectConfigurationPlatforms) = postSolution
		{6D0AF691-366E-4007-8470-5D085E6DEDAB}.Debug|Any CPU.ActiveCfg = Debug|Any CPU
		{6D0AF691-366E-4007-8470-5D085E6DEDAB}.Debug|Any CPU.Build.0 = Debug|Any CPU
		{6D0AF691-366E-4007-8470-5D085E6DEDAB}.Release|Any CPU.ActiveCfg = Release|Any CPU
		{6D0AF691-366E-4007-8470-5D085E6DEDAB}.Release|Any CPU.Build.0 = Release|Any CPU
		{6D2B8DE4-1480-4627-B467-B93523631DA8}.Debug|Any CPU.ActiveCfg = Debug|Any CPU
		{6D2B8DE4-1480-4627-B467-B93523631DA8}.Debug|Any CPU.Build.0 = Debug|Any CPU
		{6D2B8DE4-1480-4627-B467-B93523631DA8}.Release|Any CPU.ActiveCfg = Release|Any CPU
		{6D2B8DE4-1480-4627-B467-B93523631DA8}.Release|Any CPU.Build.0 = Release|Any CPU
		{4BF51EE2-9E5C-4DAD-8EF0-D372F3762D5C}.Debug|Any CPU.ActiveCfg = Debug|Any CPU
		{4BF51EE2-9E5C-4DAD-8EF0-D372F3762D5C}.Debug|Any CPU.Build.0 = Debug|Any CPU
		{4BF51EE2-9E5C-4DAD-8EF0-D372F3762D5C}.Release|Any CPU.ActiveCfg = Release|Any CPU
		{4BF51EE2-9E5C-4DAD-8EF0-D372F3762D5C}.Release|Any CPU.Build.0 = Release|Any CPU
		{2C047ECD-170C-45FD-83EF-8CB8DEBEE986}.Debug|Any CPU.ActiveCfg = Debug|Any CPU
		{2C047ECD-170C-45FD-83EF-8CB8DEBEE986}.Debug|Any CPU.Build.0 = Debug|Any CPU
		{2C047ECD-170C-45FD-83EF-8CB8DEBEE986}.Release|Any CPU.ActiveCfg = Release|Any CPU
		{2C047ECD-170C-45FD-83EF-8CB8DEBEE986}.Release|Any CPU.Build.0 = Release|Any CPU
		{2F3908D2-CF31-4738-9B68-60447848DE9C}.Debug|Any CPU.ActiveCfg = Debug|Any CPU
		{2F3908D2-CF31-4738-9B68-60447848DE9C}.Debug|Any CPU.Build.0 = Debug|Any CPU
		{2F3908D2-CF31-4738-9B68-60447848DE9C}.Release|Any CPU.ActiveCfg = Release|Any CPU
		{2F3908D2-CF31-4738-9B68-60447848DE9C}.Release|Any CPU.Build.0 = Release|Any CPU
		{663F57CF-74EE-4D7A-96A9-F27296986217}.Debug|Any CPU.ActiveCfg = Debug|Any CPU
		{663F57CF-74EE-4D7A-96A9-F27296986217}.Debug|Any CPU.Build.0 = Debug|Any CPU
		{663F57CF-74EE-4D7A-96A9-F27296986217}.Release|Any CPU.ActiveCfg = Release|Any CPU
		{663F57CF-74EE-4D7A-96A9-F27296986217}.Release|Any CPU.Build.0 = Release|Any CPU
		{BBA32269-5D2C-42FD-B66F-977DF8106045}.Debug|Any CPU.ActiveCfg = Debug|Any CPU
		{BBA32269-5D2C-42FD-B66F-977DF8106045}.Debug|Any CPU.Build.0 = Debug|Any CPU
		{BBA32269-5D2C-42FD-B66F-977DF8106045}.Release|Any CPU.ActiveCfg = Release|Any CPU
		{BBA32269-5D2C-42FD-B66F-977DF8106045}.Release|Any CPU.Build.0 = Release|Any CPU
		{37A8396C-4924-47B5-9D0A-4F1DE2AEE84B}.Debug|Any CPU.ActiveCfg = Debug|Any CPU
		{37A8396C-4924-47B5-9D0A-4F1DE2AEE84B}.Debug|Any CPU.Build.0 = Debug|Any CPU
		{37A8396C-4924-47B5-9D0A-4F1DE2AEE84B}.Release|Any CPU.ActiveCfg = Release|Any CPU
		{37A8396C-4924-47B5-9D0A-4F1DE2AEE84B}.Release|Any CPU.Build.0 = Release|Any CPU
		{69B7374A-B313-4864-BBFF-92EA597B5291}.Debug|Any CPU.ActiveCfg = Debug|Any CPU
		{69B7374A-B313-4864-BBFF-92EA597B5291}.Debug|Any CPU.Build.0 = Debug|Any CPU
		{69B7374A-B313-4864-BBFF-92EA597B5291}.Release|Any CPU.ActiveCfg = Release|Any CPU
		{69B7374A-B313-4864-BBFF-92EA597B5291}.Release|Any CPU.Build.0 = Release|Any CPU
		{F02CE0D4-5D4B-473F-8FED-53E13F796C83}.Debug|Any CPU.ActiveCfg = Debug|Any CPU
		{F02CE0D4-5D4B-473F-8FED-53E13F796C83}.Debug|Any CPU.Build.0 = Debug|Any CPU
		{F02CE0D4-5D4B-473F-8FED-53E13F796C83}.Release|Any CPU.ActiveCfg = Release|Any CPU
		{F02CE0D4-5D4B-473F-8FED-53E13F796C83}.Release|Any CPU.Build.0 = Release|Any CPU
		{06050656-4664-44F5-A65E-8C4D4D2AA337}.Debug|Any CPU.ActiveCfg = Debug|Any CPU
		{06050656-4664-44F5-A65E-8C4D4D2AA337}.Debug|Any CPU.Build.0 = Debug|Any CPU
		{06050656-4664-44F5-A65E-8C4D4D2AA337}.Release|Any CPU.ActiveCfg = Release|Any CPU
		{06050656-4664-44F5-A65E-8C4D4D2AA337}.Release|Any CPU.Build.0 = Release|Any CPU
		{B3D0733C-C3E9-462C-B121-DF4DE89FB60B}.Debug|Any CPU.ActiveCfg = Debug|Any CPU
		{B3D0733C-C3E9-462C-B121-DF4DE89FB60B}.Debug|Any CPU.Build.0 = Debug|Any CPU
		{B3D0733C-C3E9-462C-B121-DF4DE89FB60B}.Release|Any CPU.ActiveCfg = Release|Any CPU
		{B3D0733C-C3E9-462C-B121-DF4DE89FB60B}.Release|Any CPU.Build.0 = Release|Any CPU
		{B0D0B70A-80A0-4A2F-AE2F-7511E3998814}.Debug|Any CPU.ActiveCfg = Debug|Any CPU
		{B0D0B70A-80A0-4A2F-AE2F-7511E3998814}.Debug|Any CPU.Build.0 = Debug|Any CPU
		{B0D0B70A-80A0-4A2F-AE2F-7511E3998814}.Release|Any CPU.ActiveCfg = Release|Any CPU
		{B0D0B70A-80A0-4A2F-AE2F-7511E3998814}.Release|Any CPU.Build.0 = Release|Any CPU
		{AFD803B8-18AB-468B-A5CB-89304AEFB9DC}.Debug|Any CPU.ActiveCfg = Debug|Any CPU
		{AFD803B8-18AB-468B-A5CB-89304AEFB9DC}.Debug|Any CPU.Build.0 = Debug|Any CPU
		{AFD803B8-18AB-468B-A5CB-89304AEFB9DC}.Release|Any CPU.ActiveCfg = Release|Any CPU
		{AFD803B8-18AB-468B-A5CB-89304AEFB9DC}.Release|Any CPU.Build.0 = Release|Any CPU
		{5A395044-BFD2-41C1-AA74-86F0B44A88BE}.Debug|Any CPU.ActiveCfg = Debug|Any CPU
		{5A395044-BFD2-41C1-AA74-86F0B44A88BE}.Debug|Any CPU.Build.0 = Debug|Any CPU
		{5A395044-BFD2-41C1-AA74-86F0B44A88BE}.Release|Any CPU.ActiveCfg = Release|Any CPU
		{5A395044-BFD2-41C1-AA74-86F0B44A88BE}.Release|Any CPU.Build.0 = Release|Any CPU
		{9A4F5C11-9114-456B-9D0E-DA88506ADA3C}.Debug|Any CPU.ActiveCfg = Debug|Any CPU
		{9A4F5C11-9114-456B-9D0E-DA88506ADA3C}.Debug|Any CPU.Build.0 = Debug|Any CPU
		{9A4F5C11-9114-456B-9D0E-DA88506ADA3C}.Release|Any CPU.ActiveCfg = Release|Any CPU
		{9A4F5C11-9114-456B-9D0E-DA88506ADA3C}.Release|Any CPU.Build.0 = Release|Any CPU
		{BAF1E2B5-C3A0-4ADF-BFA1-00AA582E4F57}.Debug|Any CPU.ActiveCfg = Debug|Any CPU
		{BAF1E2B5-C3A0-4ADF-BFA1-00AA582E4F57}.Debug|Any CPU.Build.0 = Debug|Any CPU
		{BAF1E2B5-C3A0-4ADF-BFA1-00AA582E4F57}.Release|Any CPU.ActiveCfg = Release|Any CPU
		{BAF1E2B5-C3A0-4ADF-BFA1-00AA582E4F57}.Release|Any CPU.Build.0 = Release|Any CPU
		{9F8D3F22-2CF8-4A42-899B-697297136420}.Debug|Any CPU.ActiveCfg = Debug|Any CPU
		{9F8D3F22-2CF8-4A42-899B-697297136420}.Debug|Any CPU.Build.0 = Debug|Any CPU
		{9F8D3F22-2CF8-4A42-899B-697297136420}.Release|Any CPU.ActiveCfg = Release|Any CPU
		{9F8D3F22-2CF8-4A42-899B-697297136420}.Release|Any CPU.Build.0 = Release|Any CPU
		{7546AD69-95E6-4975-A292-8A411580D576}.Debug|Any CPU.ActiveCfg = Debug|Any CPU
		{7546AD69-95E6-4975-A292-8A411580D576}.Debug|Any CPU.Build.0 = Debug|Any CPU
		{7546AD69-95E6-4975-A292-8A411580D576}.Release|Any CPU.ActiveCfg = Release|Any CPU
		{7546AD69-95E6-4975-A292-8A411580D576}.Release|Any CPU.Build.0 = Release|Any CPU
		{ECFFE924-FC4F-4B4E-8965-36EF51AC9912}.Debug|Any CPU.ActiveCfg = Debug|Any CPU
		{ECFFE924-FC4F-4B4E-8965-36EF51AC9912}.Debug|Any CPU.Build.0 = Debug|Any CPU
		{ECFFE924-FC4F-4B4E-8965-36EF51AC9912}.Release|Any CPU.ActiveCfg = Release|Any CPU
		{ECFFE924-FC4F-4B4E-8965-36EF51AC9912}.Release|Any CPU.Build.0 = Release|Any CPU
		{B4ED360B-68AF-42D9-8031-F00441F35116}.Debug|Any CPU.ActiveCfg = Debug|Any CPU
		{B4ED360B-68AF-42D9-8031-F00441F35116}.Debug|Any CPU.Build.0 = Debug|Any CPU
		{B4ED360B-68AF-42D9-8031-F00441F35116}.Release|Any CPU.ActiveCfg = Release|Any CPU
		{B4ED360B-68AF-42D9-8031-F00441F35116}.Release|Any CPU.Build.0 = Release|Any CPU
		{3DE1C980-AD94-40CD-A9BE-53E9D3106156}.Debug|Any CPU.ActiveCfg = Debug|Any CPU
		{3DE1C980-AD94-40CD-A9BE-53E9D3106156}.Debug|Any CPU.Build.0 = Debug|Any CPU
		{3DE1C980-AD94-40CD-A9BE-53E9D3106156}.Release|Any CPU.ActiveCfg = Release|Any CPU
		{3DE1C980-AD94-40CD-A9BE-53E9D3106156}.Release|Any CPU.Build.0 = Release|Any CPU
		{C94227E3-DA52-4DDC-8D2F-BB925D0B87B5}.Debug|Any CPU.ActiveCfg = Debug|Any CPU
		{C94227E3-DA52-4DDC-8D2F-BB925D0B87B5}.Debug|Any CPU.Build.0 = Debug|Any CPU
		{C94227E3-DA52-4DDC-8D2F-BB925D0B87B5}.Release|Any CPU.ActiveCfg = Release|Any CPU
		{C94227E3-DA52-4DDC-8D2F-BB925D0B87B5}.Release|Any CPU.Build.0 = Release|Any CPU
		{BB459B86-C57E-4B2A-91E7-F9EBC555F551}.Debug|Any CPU.ActiveCfg = Debug|Any CPU
		{BB459B86-C57E-4B2A-91E7-F9EBC555F551}.Debug|Any CPU.Build.0 = Debug|Any CPU
		{BB459B86-C57E-4B2A-91E7-F9EBC555F551}.Release|Any CPU.ActiveCfg = Release|Any CPU
		{BB459B86-C57E-4B2A-91E7-F9EBC555F551}.Release|Any CPU.Build.0 = Release|Any CPU
		{4E6FD204-5660-49FA-903B-EEB9EE9BE187}.Debug|Any CPU.ActiveCfg = Debug|Any CPU
		{4E6FD204-5660-49FA-903B-EEB9EE9BE187}.Debug|Any CPU.Build.0 = Debug|Any CPU
		{4E6FD204-5660-49FA-903B-EEB9EE9BE187}.Release|Any CPU.ActiveCfg = Release|Any CPU
		{4E6FD204-5660-49FA-903B-EEB9EE9BE187}.Release|Any CPU.Build.0 = Release|Any CPU
		{5C2BB994-5F3C-4CB9-B81D-897EFCCAE19B}.Debug|Any CPU.ActiveCfg = Debug|Any CPU
		{5C2BB994-5F3C-4CB9-B81D-897EFCCAE19B}.Debug|Any CPU.Build.0 = Debug|Any CPU
		{5C2BB994-5F3C-4CB9-B81D-897EFCCAE19B}.Release|Any CPU.ActiveCfg = Release|Any CPU
		{5C2BB994-5F3C-4CB9-B81D-897EFCCAE19B}.Release|Any CPU.Build.0 = Release|Any CPU
		{A4009573-8D47-46C4-ADB0-21551AB9140D}.Debug|Any CPU.ActiveCfg = Debug|Any CPU
		{A4009573-8D47-46C4-ADB0-21551AB9140D}.Debug|Any CPU.Build.0 = Debug|Any CPU
		{A4009573-8D47-46C4-ADB0-21551AB9140D}.Release|Any CPU.ActiveCfg = Release|Any CPU
		{A4009573-8D47-46C4-ADB0-21551AB9140D}.Release|Any CPU.Build.0 = Release|Any CPU
		{BE93B754-2D5A-4A0C-AD1D-E60838BC62C8}.Debug|Any CPU.ActiveCfg = Debug|Any CPU
		{BE93B754-2D5A-4A0C-AD1D-E60838BC62C8}.Debug|Any CPU.Build.0 = Debug|Any CPU
		{BE93B754-2D5A-4A0C-AD1D-E60838BC62C8}.Release|Any CPU.ActiveCfg = Release|Any CPU
		{BE93B754-2D5A-4A0C-AD1D-E60838BC62C8}.Release|Any CPU.Build.0 = Release|Any CPU
		{7C998FFE-04D9-476B-A152-F13776DED372}.Debug|Any CPU.ActiveCfg = Debug|Any CPU
		{7C998FFE-04D9-476B-A152-F13776DED372}.Debug|Any CPU.Build.0 = Debug|Any CPU
		{7C998FFE-04D9-476B-A152-F13776DED372}.Release|Any CPU.ActiveCfg = Release|Any CPU
		{7C998FFE-04D9-476B-A152-F13776DED372}.Release|Any CPU.Build.0 = Release|Any CPU
		{10E42FA2-43BB-4F0A-9143-77C963607492}.Debug|Any CPU.ActiveCfg = Debug|Any CPU
		{10E42FA2-43BB-4F0A-9143-77C963607492}.Debug|Any CPU.Build.0 = Debug|Any CPU
		{10E42FA2-43BB-4F0A-9143-77C963607492}.Release|Any CPU.ActiveCfg = Release|Any CPU
		{10E42FA2-43BB-4F0A-9143-77C963607492}.Release|Any CPU.Build.0 = Release|Any CPU
		{ADBA4ED8-A063-4506-BF60-35A28654FB75}.Debug|Any CPU.ActiveCfg = Debug|Any CPU
		{ADBA4ED8-A063-4506-BF60-35A28654FB75}.Debug|Any CPU.Build.0 = Debug|Any CPU
		{ADBA4ED8-A063-4506-BF60-35A28654FB75}.Release|Any CPU.ActiveCfg = Release|Any CPU
		{ADBA4ED8-A063-4506-BF60-35A28654FB75}.Release|Any CPU.Build.0 = Release|Any CPU
	EndGlobalSection
	GlobalSection(SolutionProperties) = preSolution
		HideSolutionNode = FALSE
	EndGlobalSection
	GlobalSection(ExtensibilityGlobals) = postSolution
		SolutionGuid = {9676DF27-5814-43EF-A794-D13C292DDFD1}
	EndGlobalSection
	GlobalSection(NestedProjects) = preSolution
		{4BF51EE2-9E5C-4DAD-8EF0-D372F3762D5C} = {89753950-AF3C-4201-9CA1-EEC7C7EDB6AE}
		{B3D0733C-C3E9-462C-B121-DF4DE89FB60B} = {89753950-AF3C-4201-9CA1-EEC7C7EDB6AE}
		{F02CE0D4-5D4B-473F-8FED-53E13F796C83} = {89753950-AF3C-4201-9CA1-EEC7C7EDB6AE}
		{37A8396C-4924-47B5-9D0A-4F1DE2AEE84B} = {89753950-AF3C-4201-9CA1-EEC7C7EDB6AE}
		{2F3908D2-CF31-4738-9B68-60447848DE9C} = {89753950-AF3C-4201-9CA1-EEC7C7EDB6AE}
		{BBA32269-5D2C-42FD-B66F-977DF8106045} = {89753950-AF3C-4201-9CA1-EEC7C7EDB6AE}
		{B0D0B70A-80A0-4A2F-AE2F-7511E3998814} = {33579A60-1DBF-4106-973E-770615272429}
		{5A395044-BFD2-41C1-AA74-86F0B44A88BE} = {89753950-AF3C-4201-9CA1-EEC7C7EDB6AE}
		{BAF1E2B5-C3A0-4ADF-BFA1-00AA582E4F57} = {89753950-AF3C-4201-9CA1-EEC7C7EDB6AE}
		{9F8D3F22-2CF8-4A42-899B-697297136420} = {5F0EA9D4-E358-4E2F-84AA-9BD09D65EFCF}
		{BB459B86-C57E-4B2A-91E7-F9EBC555F551} = {33579A60-1DBF-4106-973E-770615272429}
		{4E6FD204-5660-49FA-903B-EEB9EE9BE187} = {89753950-AF3C-4201-9CA1-EEC7C7EDB6AE}
		{5C2BB994-5F3C-4CB9-B81D-897EFCCAE19B} = {89753950-AF3C-4201-9CA1-EEC7C7EDB6AE}
		{A4009573-8D47-46C4-ADB0-21551AB9140D} = {89753950-AF3C-4201-9CA1-EEC7C7EDB6AE}
		{BE93B754-2D5A-4A0C-AD1D-E60838BC62C8} = {89753950-AF3C-4201-9CA1-EEC7C7EDB6AE}
		{7C998FFE-04D9-476B-A152-F13776DED372} = {33579A60-1DBF-4106-973E-770615272429}
		{7546AD69-95E6-4975-A292-8A411580D576} = {559A281A-0BB7-4969-857A-32AC25DE2E50}
		{ECFFE924-FC4F-4B4E-8965-36EF51AC9912} = {559A281A-0BB7-4969-857A-32AC25DE2E50}
		{B4ED360B-68AF-42D9-8031-F00441F35116} = {6891F64C-CC35-46F4-91B7-2F1E2CEEE4F6}
		{3DE1C980-AD94-40CD-A9BE-53E9D3106156} = {6891F64C-CC35-46F4-91B7-2F1E2CEEE4F6}
		{C94227E3-DA52-4DDC-8D2F-BB925D0B87B5} = {6891F64C-CC35-46F4-91B7-2F1E2CEEE4F6}
		{6D0AF691-366E-4007-8470-5D085E6DEDAB} = {70BDE26A-6486-4262-B774-17D2723ADDCE}
		{6D2B8DE4-1480-4627-B467-B93523631DA8} = {70BDE26A-6486-4262-B774-17D2723ADDCE}
		{06050656-4664-44F5-A65E-8C4D4D2AA337} = {70BDE26A-6486-4262-B774-17D2723ADDCE}
		{69B7374A-B313-4864-BBFF-92EA597B5291} = {70BDE26A-6486-4262-B774-17D2723ADDCE}
		{AFD803B8-18AB-468B-A5CB-89304AEFB9DC} = {70BDE26A-6486-4262-B774-17D2723ADDCE}
		{2C047ECD-170C-45FD-83EF-8CB8DEBEE986} = {70BDE26A-6486-4262-B774-17D2723ADDCE}
		{9A4F5C11-9114-456B-9D0E-DA88506ADA3C} = {70BDE26A-6486-4262-B774-17D2723ADDCE}
		{663F57CF-74EE-4D7A-96A9-F27296986217} = {70BDE26A-6486-4262-B774-17D2723ADDCE}
		{10E42FA2-43BB-4F0A-9143-77C963607492} = {559A281A-0BB7-4969-857A-32AC25DE2E50}
		{ADBA4ED8-A063-4506-BF60-35A28654FB75} = {559A281A-0BB7-4969-857A-32AC25DE2E50}
	EndGlobalSection
EndGlobal
